
Microsoft Visual Studio Solution File, Format Version 12.00
# Visual Studio Version 17
VisualStudioVersion = 17.13.35828.75 d17.13
MinimumVisualStudioVersion = 10.0.40219.1
Project("{FAE04EC0-301F-11D3-BF4B-00C04F79EFBC}") = "FizyoTakip", "fizyo\FizyoTakip.csproj", "{35B9721D-BCEB-4747-A551-C26DC3E9CAFF}"
EndProject
Global
	GlobalSection(SolutionConfigurationPlatforms) = preSolution
		Debug|Any CPU = Debug|Any CPU
		Release|Any CPU = Release|Any CPU
	EndGlobalSection
	GlobalSection(ProjectConfigurationPlatforms) = postSolution
		{35B9721D-BCEB-4747-A551-C26DC3E9CAFF}.Debug|Any CPU.ActiveCfg = Debug|Any CPU
		{35B9721D-BCEB-4747-A551-C26DC3E9CAFF}.Debug|Any CPU.Build.0 = Debug|Any CPU
		{35B9721D-BCEB-4747-A551-C26DC3E9CAFF}.Release|Any CPU.ActiveCfg = Release|Any CPU
		{35B9721D-BCEB-4747-A551-C26DC3E9CAFF}.Release|Any CPU.Build.0 = Release|Any CPU
	EndGlobalSection
	GlobalSection(SolutionProperties) = preSolution
		HideSolutionNode = FALSE
	EndGlobalSection
	GlobalSection(ExtensibilityGlobals) = postSolution
		SolutionGuid = {90C34EAA-C3C9-4B37-ADD6-9EF8B9AE66A9}
	EndGlobalSection
EndGlobal
